
Microsoft Visual Studio Solution File, Format Version 12.00
# Visual Studio Version 16
VisualStudioVersion = 16.0.32901.82
MinimumVisualStudioVersion = 10.0.40219.1
Project("{FAE04EC0-301F-11D3-BF4B-00C04F79EFBC}") = "FactsWebApp", "FactsWebApp\FactsWebApp.csproj", "{AD896157-E426-49B3-B52F-FC8DC9A38DA5}"
EndProject
Global
	GlobalSection(SolutionConfigurationPlatforms) = preSolution
		Debug|Any CPU = Debug|Any CPU
		Release|Any CPU = Release|Any CPU
	EndGlobalSection
	GlobalSection(ProjectConfigurationPlatforms) = postSolution
		{AD896157-E426-49B3-B52F-FC8DC9A38DA5}.Debug|Any CPU.ActiveCfg = Debug|Any CPU
		{AD896157-E426-49B3-B52F-FC8DC9A38DA5}.Debug|Any CPU.Build.0 = Debug|Any CPU
		{AD896157-E426-49B3-B52F-FC8DC9A38DA5}.Release|Any CPU.ActiveCfg = Release|Any CPU
		{AD896157-E426-49B3-B52F-FC8DC9A38DA5}.Release|Any CPU.Build.0 = Release|Any CPU
	EndGlobalSection
	GlobalSection(SolutionProperties) = preSolution
		HideSolutionNode = FALSE
	EndGlobalSection
	GlobalSection(ExtensibilityGlobals) = postSolution
		SolutionGuid = {D7122DC7-5658-49AA-8AF6-2FE43E6AB271}
	EndGlobalSection
EndGlobal
