
Microsoft Visual Studio Solution File, Format Version 12.00
# Visual Studio Version 16
VisualStudioVersion = 16.0.31613.86
MinimumVisualStudioVersion = 10.0.40219.1
Project("{FAE04EC0-301F-11D3-BF4B-00C04F79EFBC}") = "ShelterCatManager", "ShelterCatManager\ShelterCatManager.csproj", "{02385B6A-DB42-4BBB-BA4D-F64F79C37912}"
EndProject
Project("{FAE04EC0-301F-11D3-BF4B-00C04F79EFBC}") = "ShelterCatManager.Models", "ShelterCatManager.Models\ShelterCatManager.Models.csproj", "{4C5C0A9A-098F-4D07-A1FB-D5631CF483D5}"
EndProject
Project("{FAE04EC0-301F-11D3-BF4B-00C04F79EFBC}") = "ShelterCatManager.Data", "ShelterCatManager.Data\ShelterCatManager.Data.csproj", "{631B636D-05BE-49A4-B018-A01285CA6568}"
EndProject
Project("{FAE04EC0-301F-11D3-BF4B-00C04F79EFBC}") = "ShelterCatManager.BLL", "ShelterCatManager.BLL\ShelterCatManager.BLL.csproj", "{A027BDDF-A736-42CE-BA88-43ECBFFFED0F}"
EndProject
Project("{FAE04EC0-301F-11D3-BF4B-00C04F79EFBC}") = "ShelterCatManager.View", "ShelterCatManager.View\ShelterCatManager.View.csproj", "{13E1298B-8959-49A7-B35F-8A82BC5D89FC}"
EndProject
Project("{FAE04EC0-301F-11D3-BF4B-00C04F79EFBC}") = "ShelterCatManager.Controllers", "ShelterCatManager.Controllers\ShelterCatManager.Controllers.csproj", "{DB9A90C9-0364-4333-AFD4-F6E5F15D0692}"
EndProject
Global
	GlobalSection(SolutionConfigurationPlatforms) = preSolution
		Debug|Any CPU = Debug|Any CPU
		Release|Any CPU = Release|Any CPU
	EndGlobalSection
	GlobalSection(ProjectConfigurationPlatforms) = postSolution
		{02385B6A-DB42-4BBB-BA4D-F64F79C37912}.Debug|Any CPU.ActiveCfg = Debug|Any CPU
		{02385B6A-DB42-4BBB-BA4D-F64F79C37912}.Debug|Any CPU.Build.0 = Debug|Any CPU
		{02385B6A-DB42-4BBB-BA4D-F64F79C37912}.Release|Any CPU.ActiveCfg = Release|Any CPU
		{02385B6A-DB42-4BBB-BA4D-F64F79C37912}.Release|Any CPU.Build.0 = Release|Any CPU
		{4C5C0A9A-098F-4D07-A1FB-D5631CF483D5}.Debug|Any CPU.ActiveCfg = Debug|Any CPU
		{4C5C0A9A-098F-4D07-A1FB-D5631CF483D5}.Debug|Any CPU.Build.0 = Debug|Any CPU
		{4C5C0A9A-098F-4D07-A1FB-D5631CF483D5}.Release|Any CPU.ActiveCfg = Release|Any CPU
		{4C5C0A9A-098F-4D07-A1FB-D5631CF483D5}.Release|Any CPU.Build.0 = Release|Any CPU
		{631B636D-05BE-49A4-B018-A01285CA6568}.Debug|Any CPU.ActiveCfg = Debug|Any CPU
		{631B636D-05BE-49A4-B018-A01285CA6568}.Debug|Any CPU.Build.0 = Debug|Any CPU
		{631B636D-05BE-49A4-B018-A01285CA6568}.Release|Any CPU.ActiveCfg = Release|Any CPU
		{631B636D-05BE-49A4-B018-A01285CA6568}.Release|Any CPU.Build.0 = Release|Any CPU
		{A027BDDF-A736-42CE-BA88-43ECBFFFED0F}.Debug|Any CPU.ActiveCfg = Debug|Any CPU
		{A027BDDF-A736-42CE-BA88-43ECBFFFED0F}.Debug|Any CPU.Build.0 = Debug|Any CPU
		{A027BDDF-A736-42CE-BA88-43ECBFFFED0F}.Release|Any CPU.ActiveCfg = Release|Any CPU
		{A027BDDF-A736-42CE-BA88-43ECBFFFED0F}.Release|Any CPU.Build.0 = Release|Any CPU
		{13E1298B-8959-49A7-B35F-8A82BC5D89FC}.Debug|Any CPU.ActiveCfg = Debug|Any CPU
		{13E1298B-8959-49A7-B35F-8A82BC5D89FC}.Debug|Any CPU.Build.0 = Debug|Any CPU
		{13E1298B-8959-49A7-B35F-8A82BC5D89FC}.Release|Any CPU.ActiveCfg = Release|Any CPU
		{13E1298B-8959-49A7-B35F-8A82BC5D89FC}.Release|Any CPU.Build.0 = Release|Any CPU
		{DB9A90C9-0364-4333-AFD4-F6E5F15D0692}.Debug|Any CPU.ActiveCfg = Debug|Any CPU
		{DB9A90C9-0364-4333-AFD4-F6E5F15D0692}.Debug|Any CPU.Build.0 = Debug|Any CPU
		{DB9A90C9-0364-4333-AFD4-F6E5F15D0692}.Release|Any CPU.ActiveCfg = Release|Any CPU
		{DB9A90C9-0364-4333-AFD4-F6E5F15D0692}.Release|Any CPU.Build.0 = Release|Any CPU
	EndGlobalSection
	GlobalSection(SolutionProperties) = preSolution
		HideSolutionNode = FALSE
	EndGlobalSection
	GlobalSection(ExtensibilityGlobals) = postSolution
		SolutionGuid = {D35B0E39-A8EB-4776-B139-4CFD77F0E88A}
	EndGlobalSection
EndGlobal
