
Microsoft Visual Studio Solution File, Format Version 12.00
# Visual Studio Version 16
VisualStudioVersion = 16.0.32428.217
MinimumVisualStudioVersion = 10.0.40219.1
Project("{FAE04EC0-301F-11D3-BF4B-00C04F79EFBC}") = "DvdLibrary", "DvdLibrary\DvdLibrary.csproj", "{4A23E3E2-5788-4F27-AB68-E17A82B2F3A6}"
EndProject
Project("{FAE04EC0-301F-11D3-BF4B-00C04F79EFBC}") = "DvdLibrary.Data", "DvdLibrary.Data\DvdLibrary.Data.csproj", "{C83B8901-8AC4-40C6-B258-82C1EC2C9584}"
EndProject
Global
	GlobalSection(SolutionConfigurationPlatforms) = preSolution
		Debug|Any CPU = Debug|Any CPU
		Release|Any CPU = Release|Any CPU
	EndGlobalSection
	GlobalSection(ProjectConfigurationPlatforms) = postSolution
		{4A23E3E2-5788-4F27-AB68-E17A82B2F3A6}.Debug|Any CPU.ActiveCfg = Debug|Any CPU
		{4A23E3E2-5788-4F27-AB68-E17A82B2F3A6}.Debug|Any CPU.Build.0 = Debug|Any CPU
		{4A23E3E2-5788-4F27-AB68-E17A82B2F3A6}.Release|Any CPU.ActiveCfg = Release|Any CPU
		{4A23E3E2-5788-4F27-AB68-E17A82B2F3A6}.Release|Any CPU.Build.0 = Release|Any CPU
		{C83B8901-8AC4-40C6-B258-82C1EC2C9584}.Debug|Any CPU.ActiveCfg = Debug|Any CPU
		{C83B8901-8AC4-40C6-B258-82C1EC2C9584}.Debug|Any CPU.Build.0 = Debug|Any CPU
		{C83B8901-8AC4-40C6-B258-82C1EC2C9584}.Release|Any CPU.ActiveCfg = Release|Any CPU
		{C83B8901-8AC4-40C6-B258-82C1EC2C9584}.Release|Any CPU.Build.0 = Release|Any CPU
	EndGlobalSection
	GlobalSection(SolutionProperties) = preSolution
		HideSolutionNode = FALSE
	EndGlobalSection
	GlobalSection(ExtensibilityGlobals) = postSolution
		SolutionGuid = {5EEEA1EF-B880-4588-B001-F072E823EBD3}
	EndGlobalSection
EndGlobal
