
Microsoft Visual Studio Solution File, Format Version 12.00
# Visual Studio Version 16
VisualStudioVersion = 16.0.31410.357
MinimumVisualStudioVersion = 10.0.40219.1
Project("{FAE04EC0-301F-11D3-BF4B-00C04F79EFBC}") = "DogGenetics", "DogGenetics\DogGenetics.csproj", "{D574805A-3D29-4DEA-B522-14E36528A936}"
EndProject
Global
	GlobalSection(SolutionConfigurationPlatforms) = preSolution
		Debug|Any CPU = Debug|Any CPU
		Release|Any CPU = Release|Any CPU
	EndGlobalSection
	GlobalSection(ProjectConfigurationPlatforms) = postSolution
		{D574805A-3D29-4DEA-B522-14E36528A936}.Debug|Any CPU.ActiveCfg = Debug|Any CPU
		{D574805A-3D29-4DEA-B522-14E36528A936}.Debug|Any CPU.Build.0 = Debug|Any CPU
		{D574805A-3D29-4DEA-B522-14E36528A936}.Release|Any CPU.ActiveCfg = Release|Any CPU
		{D574805A-3D29-4DEA-B522-14E36528A936}.Release|Any CPU.Build.0 = Release|Any CPU
	EndGlobalSection
	GlobalSection(SolutionProperties) = preSolution
		HideSolutionNode = FALSE
	EndGlobalSection
	GlobalSection(ExtensibilityGlobals) = postSolution
		SolutionGuid = {88D720D6-00E0-4D96-B877-FF4234A8B4B4}
	EndGlobalSection
EndGlobal
