
Microsoft Visual Studio Solution File, Format Version 12.00
# Visual Studio Version 16
VisualStudioVersion = 16.0.31613.86
MinimumVisualStudioVersion = 10.0.40219.1
Project("{FAE04EC0-301F-11D3-BF4B-00C04F79EFBC}") = "SGBank.UI", "SGBank.UI\SGBank.UI.csproj", "{051F6FCA-5F7B-4DB7-90D0-0C11ECE69BAD}"
EndProject
Project("{FAE04EC0-301F-11D3-BF4B-00C04F79EFBC}") = "SGBank.Models", "SGBank.Models\SGBank.Models.csproj", "{56B53FD0-191E-4697-BE9C-C6D86E1FC088}"
EndProject
Project("{FAE04EC0-301F-11D3-BF4B-00C04F79EFBC}") = "SGBank.BLL", "SGBank.BLL\SGBank.BLL.csproj", "{996709BF-C66E-452D-86B6-C70A11AE61E5}"
EndProject
Project("{FAE04EC0-301F-11D3-BF4B-00C04F79EFBC}") = "SGBank.Data", "SGBank.Data\SGBank.Data.csproj", "{9E28F5CC-6379-4CC2-9972-39732F3F05B8}"
EndProject
Project("{FAE04EC0-301F-11D3-BF4B-00C04F79EFBC}") = "SGBank.Tests", "SGBankTest\SGBank.Tests.csproj", "{DE08A1A8-CC7B-4D84-91D3-F5F0154459BB}"
EndProject
Global
	GlobalSection(SolutionConfigurationPlatforms) = preSolution
		Debug|Any CPU = Debug|Any CPU
		Release|Any CPU = Release|Any CPU
	EndGlobalSection
	GlobalSection(ProjectConfigurationPlatforms) = postSolution
		{051F6FCA-5F7B-4DB7-90D0-0C11ECE69BAD}.Debug|Any CPU.ActiveCfg = Debug|Any CPU
		{051F6FCA-5F7B-4DB7-90D0-0C11ECE69BAD}.Debug|Any CPU.Build.0 = Debug|Any CPU
		{051F6FCA-5F7B-4DB7-90D0-0C11ECE69BAD}.Release|Any CPU.ActiveCfg = Release|Any CPU
		{051F6FCA-5F7B-4DB7-90D0-0C11ECE69BAD}.Release|Any CPU.Build.0 = Release|Any CPU
		{56B53FD0-191E-4697-BE9C-C6D86E1FC088}.Debug|Any CPU.ActiveCfg = Debug|Any CPU
		{56B53FD0-191E-4697-BE9C-C6D86E1FC088}.Debug|Any CPU.Build.0 = Debug|Any CPU
		{56B53FD0-191E-4697-BE9C-C6D86E1FC088}.Release|Any CPU.ActiveCfg = Release|Any CPU
		{56B53FD0-191E-4697-BE9C-C6D86E1FC088}.Release|Any CPU.Build.0 = Release|Any CPU
		{996709BF-C66E-452D-86B6-C70A11AE61E5}.Debug|Any CPU.ActiveCfg = Debug|Any CPU
		{996709BF-C66E-452D-86B6-C70A11AE61E5}.Debug|Any CPU.Build.0 = Debug|Any CPU
		{996709BF-C66E-452D-86B6-C70A11AE61E5}.Release|Any CPU.ActiveCfg = Release|Any CPU
		{996709BF-C66E-452D-86B6-C70A11AE61E5}.Release|Any CPU.Build.0 = Release|Any CPU
		{9E28F5CC-6379-4CC2-9972-39732F3F05B8}.Debug|Any CPU.ActiveCfg = Debug|Any CPU
		{9E28F5CC-6379-4CC2-9972-39732F3F05B8}.Debug|Any CPU.Build.0 = Debug|Any CPU
		{9E28F5CC-6379-4CC2-9972-39732F3F05B8}.Release|Any CPU.ActiveCfg = Release|Any CPU
		{9E28F5CC-6379-4CC2-9972-39732F3F05B8}.Release|Any CPU.Build.0 = Release|Any CPU
		{DE08A1A8-CC7B-4D84-91D3-F5F0154459BB}.Debug|Any CPU.ActiveCfg = Debug|Any CPU
		{DE08A1A8-CC7B-4D84-91D3-F5F0154459BB}.Debug|Any CPU.Build.0 = Debug|Any CPU
		{DE08A1A8-CC7B-4D84-91D3-F5F0154459BB}.Release|Any CPU.ActiveCfg = Release|Any CPU
		{DE08A1A8-CC7B-4D84-91D3-F5F0154459BB}.Release|Any CPU.Build.0 = Release|Any CPU
	EndGlobalSection
	GlobalSection(SolutionProperties) = preSolution
		HideSolutionNode = FALSE
	EndGlobalSection
	GlobalSection(ExtensibilityGlobals) = postSolution
		SolutionGuid = {3E9250E6-D6D1-4B4F-85EA-436A04950062}
	EndGlobalSection
EndGlobal
